
Microsoft Visual Studio Solution File, Format Version 12.00
# Visual Studio Version 17
VisualStudioVersion = 17.6.33723.286
MinimumVisualStudioVersion = 10.0.40219.1
Project("{FAE04EC0-301F-11D3-BF4B-00C04F79EFBC}") = "ModelExample2", "ModelExample2.csproj", "{6F93A120-D95F-4F7A-8CC3-BA7E829B7E61}"
EndProject
Global
	GlobalSection(SolutionConfigurationPlatforms) = preSolution
		Debug|Any CPU = Debug|Any CPU
		Release|Any CPU = Release|Any CPU
	EndGlobalSection
	GlobalSection(ProjectConfigurationPlatforms) = postSolution
		{6F93A120-D95F-4F7A-8CC3-BA7E829B7E61}.Debug|Any CPU.ActiveCfg = Debug|Any CPU
		{6F93A120-D95F-4F7A-8CC3-BA7E829B7E61}.Debug|Any CPU.Build.0 = Debug|Any CPU
		{6F93A120-D95F-4F7A-8CC3-BA7E829B7E61}.Release|Any CPU.ActiveCfg = Release|Any CPU
		{6F93A120-D95F-4F7A-8CC3-BA7E829B7E61}.Release|Any CPU.Build.0 = Release|Any CPU
	EndGlobalSection
	GlobalSection(SolutionProperties) = preSolution
		HideSolutionNode = FALSE
	EndGlobalSection
	GlobalSection(ExtensibilityGlobals) = postSolution
		SolutionGuid = {09A5D139-3C72-4DBA-A5FB-002F2B4FF17D}
	EndGlobalSection
EndGlobal
