
Microsoft Visual Studio Solution File, Format Version 12.00
# Visual Studio Version 17
VisualStudioVersion = 17.6.33723.286
MinimumVisualStudioVersion = 10.0.40219.1
Project("{FAE04EC0-301F-11D3-BF4B-00C04F79EFBC}") = "ModelExmaple", "ModelExmaple.csproj", "{14D10910-AF35-487B-B46C-ACBBC800E552}"
EndProject
Global
	GlobalSection(SolutionConfigurationPlatforms) = preSolution
		Debug|Any CPU = Debug|Any CPU
		Release|Any CPU = Release|Any CPU
	EndGlobalSection
	GlobalSection(ProjectConfigurationPlatforms) = postSolution
		{14D10910-AF35-487B-B46C-ACBBC800E552}.Debug|Any CPU.ActiveCfg = Debug|Any CPU
		{14D10910-AF35-487B-B46C-ACBBC800E552}.Debug|Any CPU.Build.0 = Debug|Any CPU
		{14D10910-AF35-487B-B46C-ACBBC800E552}.Release|Any CPU.ActiveCfg = Release|Any CPU
		{14D10910-AF35-487B-B46C-ACBBC800E552}.Release|Any CPU.Build.0 = Release|Any CPU
	EndGlobalSection
	GlobalSection(SolutionProperties) = preSolution
		HideSolutionNode = FALSE
	EndGlobalSection
	GlobalSection(ExtensibilityGlobals) = postSolution
		SolutionGuid = {4A096F59-2018-45E9-AB41-D3378D43E3FC}
	EndGlobalSection
EndGlobal
