
Microsoft Visual Studio Solution File, Format Version 12.00
# Visual Studio Version 17
VisualStudioVersion = 17.6.33723.286
MinimumVisualStudioVersion = 10.0.40219.1
Project("{FAE04EC0-301F-11D3-BF4B-00C04F79EFBC}") = "SQLSeedExample", "SQLSeedExample.csproj", "{3E5779AB-E305-4160-B2CC-6E96B3C5DD20}"
EndProject
Global
	GlobalSection(SolutionConfigurationPlatforms) = preSolution
		Debug|Any CPU = Debug|Any CPU
		Release|Any CPU = Release|Any CPU
	EndGlobalSection
	GlobalSection(ProjectConfigurationPlatforms) = postSolution
		{3E5779AB-E305-4160-B2CC-6E96B3C5DD20}.Debug|Any CPU.ActiveCfg = Debug|Any CPU
		{3E5779AB-E305-4160-B2CC-6E96B3C5DD20}.Debug|Any CPU.Build.0 = Debug|Any CPU
		{3E5779AB-E305-4160-B2CC-6E96B3C5DD20}.Release|Any CPU.ActiveCfg = Release|Any CPU
		{3E5779AB-E305-4160-B2CC-6E96B3C5DD20}.Release|Any CPU.Build.0 = Release|Any CPU
	EndGlobalSection
	GlobalSection(SolutionProperties) = preSolution
		HideSolutionNode = FALSE
	EndGlobalSection
	GlobalSection(ExtensibilityGlobals) = postSolution
		SolutionGuid = {9910AC09-4F07-4A04-B913-16ECD11BEDB5}
	EndGlobalSection
EndGlobal
